
Microsoft Visual Studio Solution File, Format Version 12.00
# Visual Studio 15
VisualStudioVersion = 15.0.27130.2010
MinimumVisualStudioVersion = 10.0.40219.1
Project("{FAE04EC0-301F-11D3-BF4B-00C04F79EFBC}") = "EveJima", "EvaJima\EveJima.csproj", "{B1FFBC3C-F71C-40B7-A04B-BE708AA024CC}"
EndProject
Project("{FAE04EC0-301F-11D3-BF4B-00C04F79EFBC}") = "EveJimaCore", "EvaJimaCore\EveJimaCore.csproj", "{C1410D27-425C-4C35-89E3-1281F95183E2}"
EndProject
Project("{FAE04EC0-301F-11D3-BF4B-00C04F79EFBC}") = "EveJimaUniverse", "EveJimaUniverse\EveJimaUniverse.csproj", "{7CCC5A5F-14C3-4BA3-998B-D4177085BFEB}"
EndProject
Project("{FAE04EC0-301F-11D3-BF4B-00C04F79EFBC}") = "EJTests", "EJTests\EJTests.csproj", "{C50C772A-53FE-4677-9A27-38F4050F3D90}"
EndProject
Project("{FAE04EC0-301F-11D3-BF4B-00C04F79EFBC}") = "EveJimaServerMap", "..\Server\EveJimaServerMap\EveJimaServerMap.csproj", "{E67AC071-4E51-4CF3-BA0E-2796BAFA47A5}"
EndProject
Project("{54435603-DBB4-11D2-8724-00A0C9A8B90C}") = "EveJimaInstaller", "EveJimaInstaller\EveJimaInstaller.vdproj", "{5686FF51-8DC6-41C9-8802-55F01876BAD4}"
EndProject
Project("{FAE04EC0-301F-11D3-BF4B-00C04F79EFBC}") = "TestUI", "TestUI\TestUI.csproj", "{12D01BD2-E8B1-4F4A-8C24-63B06F7F413D}"
EndProject
Project("{FAE04EC0-301F-11D3-BF4B-00C04F79EFBC}") = "EveJimaBrowserInterceptor", "EveJimaBrowserInterceptor\EveJimaBrowserInterceptor.csproj", "{0B762BEC-03A3-4ACD-AB86-92C970B26722}"
EndProject
Project("{FAE04EC0-301F-11D3-BF4B-00C04F79EFBC}") = "EveInternalBrowser", "..\..\EveJimaIGB\EveJimaIGB\EveInternalBrowser\EveInternalBrowser.csproj", "{C23FDED6-0D07-42C6-BA3A-F0E9B5C1D592}"
EndProject
Global
	GlobalSection(SolutionConfigurationPlatforms) = preSolution
		Debug|Any CPU = Debug|Any CPU
		Debug|x64 = Debug|x64
		Debug|x86 = Debug|x86
		Release|Any CPU = Release|Any CPU
		Release|x64 = Release|x64
		Release|x86 = Release|x86
	EndGlobalSection
	GlobalSection(ProjectConfigurationPlatforms) = postSolution
		{B1FFBC3C-F71C-40B7-A04B-BE708AA024CC}.Debug|Any CPU.ActiveCfg = Debug|x86
		{B1FFBC3C-F71C-40B7-A04B-BE708AA024CC}.Debug|Any CPU.Build.0 = Debug|x86
		{B1FFBC3C-F71C-40B7-A04B-BE708AA024CC}.Debug|x64.ActiveCfg = Debug|Any CPU
		{B1FFBC3C-F71C-40B7-A04B-BE708AA024CC}.Debug|x64.Build.0 = Debug|Any CPU
		{B1FFBC3C-F71C-40B7-A04B-BE708AA024CC}.Debug|x86.ActiveCfg = Debug|x86
		{B1FFBC3C-F71C-40B7-A04B-BE708AA024CC}.Release|Any CPU.ActiveCfg = Release|x86
		{B1FFBC3C-F71C-40B7-A04B-BE708AA024CC}.Release|Any CPU.Build.0 = Release|x86
		{B1FFBC3C-F71C-40B7-A04B-BE708AA024CC}.Release|x64.ActiveCfg = Release|Any CPU
		{B1FFBC3C-F71C-40B7-A04B-BE708AA024CC}.Release|x64.Build.0 = Release|Any CPU
		{B1FFBC3C-F71C-40B7-A04B-BE708AA024CC}.Release|x86.ActiveCfg = Release|Any CPU
		{C1410D27-425C-4C35-89E3-1281F95183E2}.Debug|Any CPU.ActiveCfg = Debug|x86
		{C1410D27-425C-4C35-89E3-1281F95183E2}.Debug|Any CPU.Build.0 = Debug|x86
		{C1410D27-425C-4C35-89E3-1281F95183E2}.Debug|x64.ActiveCfg = Debug|Any CPU
		{C1410D27-425C-4C35-89E3-1281F95183E2}.Debug|x64.Build.0 = Debug|Any CPU
		{C1410D27-425C-4C35-89E3-1281F95183E2}.Debug|x86.ActiveCfg = Debug|x86
		{C1410D27-425C-4C35-89E3-1281F95183E2}.Release|Any CPU.ActiveCfg = Release|x86
		{C1410D27-425C-4C35-89E3-1281F95183E2}.Release|Any CPU.Build.0 = Release|x86
		{C1410D27-425C-4C35-89E3-1281F95183E2}.Release|x64.ActiveCfg = Release|Any CPU
		{C1410D27-425C-4C35-89E3-1281F95183E2}.Release|x64.Build.0 = Release|Any CPU
		{C1410D27-425C-4C35-89E3-1281F95183E2}.Release|x86.ActiveCfg = Release|Any CPU
		{7CCC5A5F-14C3-4BA3-998B-D4177085BFEB}.Debug|Any CPU.ActiveCfg = Debug|Any CPU
		{7CCC5A5F-14C3-4BA3-998B-D4177085BFEB}.Debug|Any CPU.Build.0 = Debug|Any CPU
		{7CCC5A5F-14C3-4BA3-998B-D4177085BFEB}.Debug|x64.ActiveCfg = Debug|Any CPU
		{7CCC5A5F-14C3-4BA3-998B-D4177085BFEB}.Debug|x64.Build.0 = Debug|Any CPU
		{7CCC5A5F-14C3-4BA3-998B-D4177085BFEB}.Debug|x86.ActiveCfg = Debug|Any CPU
		{7CCC5A5F-14C3-4BA3-998B-D4177085BFEB}.Release|Any CPU.ActiveCfg = Release|Any CPU
		{7CCC5A5F-14C3-4BA3-998B-D4177085BFEB}.Release|Any CPU.Build.0 = Release|Any CPU
		{7CCC5A5F-14C3-4BA3-998B-D4177085BFEB}.Release|x64.ActiveCfg = Release|Any CPU
		{7CCC5A5F-14C3-4BA3-998B-D4177085BFEB}.Release|x64.Build.0 = Release|Any CPU
		{7CCC5A5F-14C3-4BA3-998B-D4177085BFEB}.Release|x86.ActiveCfg = Release|Any CPU
		{C50C772A-53FE-4677-9A27-38F4050F3D90}.Debug|Any CPU.ActiveCfg = Debug|Any CPU
		{C50C772A-53FE-4677-9A27-38F4050F3D90}.Debug|Any CPU.Build.0 = Debug|Any CPU
		{C50C772A-53FE-4677-9A27-38F4050F3D90}.Debug|x64.ActiveCfg = Debug|Any CPU
		{C50C772A-53FE-4677-9A27-38F4050F3D90}.Debug|x64.Build.0 = Debug|Any CPU
		{C50C772A-53FE-4677-9A27-38F4050F3D90}.Debug|x86.ActiveCfg = Debug|Any CPU
		{C50C772A-53FE-4677-9A27-38F4050F3D90}.Debug|x86.Build.0 = Debug|Any CPU
		{C50C772A-53FE-4677-9A27-38F4050F3D90}.Release|Any CPU.ActiveCfg = Release|Any CPU
		{C50C772A-53FE-4677-9A27-38F4050F3D90}.Release|Any CPU.Build.0 = Release|Any CPU
		{C50C772A-53FE-4677-9A27-38F4050F3D90}.Release|x64.ActiveCfg = Release|Any CPU
		{C50C772A-53FE-4677-9A27-38F4050F3D90}.Release|x64.Build.0 = Release|Any CPU
		{C50C772A-53FE-4677-9A27-38F4050F3D90}.Release|x86.ActiveCfg = Release|Any CPU
		{C50C772A-53FE-4677-9A27-38F4050F3D90}.Release|x86.Build.0 = Release|Any CPU
		{E67AC071-4E51-4CF3-BA0E-2796BAFA47A5}.Debug|Any CPU.ActiveCfg = Debug|Any CPU
		{E67AC071-4E51-4CF3-BA0E-2796BAFA47A5}.Debug|Any CPU.Build.0 = Debug|Any CPU
		{E67AC071-4E51-4CF3-BA0E-2796BAFA47A5}.Debug|x64.ActiveCfg = Debug|Any CPU
		{E67AC071-4E51-4CF3-BA0E-2796BAFA47A5}.Debug|x64.Build.0 = Debug|Any CPU
		{E67AC071-4E51-4CF3-BA0E-2796BAFA47A5}.Debug|x86.ActiveCfg = Debug|Any CPU
		{E67AC071-4E51-4CF3-BA0E-2796BAFA47A5}.Debug|x86.Build.0 = Debug|Any CPU
		{E67AC071-4E51-4CF3-BA0E-2796BAFA47A5}.Release|Any CPU.ActiveCfg = Release|Any CPU
		{E67AC071-4E51-4CF3-BA0E-2796BAFA47A5}.Release|Any CPU.Build.0 = Release|Any CPU
		{E67AC071-4E51-4CF3-BA0E-2796BAFA47A5}.Release|x64.ActiveCfg = Release|Any CPU
		{E67AC071-4E51-4CF3-BA0E-2796BAFA47A5}.Release|x64.Build.0 = Release|Any CPU
		{E67AC071-4E51-4CF3-BA0E-2796BAFA47A5}.Release|x86.ActiveCfg = Release|Any CPU
		{E67AC071-4E51-4CF3-BA0E-2796BAFA47A5}.Release|x86.Build.0 = Release|Any CPU
		{5686FF51-8DC6-41C9-8802-55F01876BAD4}.Debug|Any CPU.ActiveCfg = Debug
		{5686FF51-8DC6-41C9-8802-55F01876BAD4}.Debug|x64.ActiveCfg = Debug
		{5686FF51-8DC6-41C9-8802-55F01876BAD4}.Debug|x64.Build.0 = Debug
		{5686FF51-8DC6-41C9-8802-55F01876BAD4}.Debug|x86.ActiveCfg = Debug
		{5686FF51-8DC6-41C9-8802-55F01876BAD4}.Release|Any CPU.ActiveCfg = Release
		{5686FF51-8DC6-41C9-8802-55F01876BAD4}.Release|x64.ActiveCfg = Release
		{5686FF51-8DC6-41C9-8802-55F01876BAD4}.Release|x64.Build.0 = Release
		{5686FF51-8DC6-41C9-8802-55F01876BAD4}.Release|x86.ActiveCfg = Release
		{12D01BD2-E8B1-4F4A-8C24-63B06F7F413D}.Debug|Any CPU.ActiveCfg = Debug|Any CPU
		{12D01BD2-E8B1-4F4A-8C24-63B06F7F413D}.Debug|Any CPU.Build.0 = Debug|Any CPU
		{12D01BD2-E8B1-4F4A-8C24-63B06F7F413D}.Debug|x64.ActiveCfg = Debug|Any CPU
		{12D01BD2-E8B1-4F4A-8C24-63B06F7F413D}.Debug|x64.Build.0 = Debug|Any CPU
		{12D01BD2-E8B1-4F4A-8C24-63B06F7F413D}.Debug|x86.ActiveCfg = Debug|Any CPU
		{12D01BD2-E8B1-4F4A-8C24-63B06F7F413D}.Debug|x86.Build.0 = Debug|Any CPU
		{12D01BD2-E8B1-4F4A-8C24-63B06F7F413D}.Release|Any CPU.ActiveCfg = Release|Any CPU
		{12D01BD2-E8B1-4F4A-8C24-63B06F7F413D}.Release|Any CPU.Build.0 = Release|Any CPU
		{12D01BD2-E8B1-4F4A-8C24-63B06F7F413D}.Release|x64.ActiveCfg = Release|Any CPU
		{12D01BD2-E8B1-4F4A-8C24-63B06F7F413D}.Release|x64.Build.0 = Release|Any CPU
		{12D01BD2-E8B1-4F4A-8C24-63B06F7F413D}.Release|x86.ActiveCfg = Release|Any CPU
		{12D01BD2-E8B1-4F4A-8C24-63B06F7F413D}.Release|x86.Build.0 = Release|Any CPU
		{0B762BEC-03A3-4ACD-AB86-92C970B26722}.Debug|Any CPU.ActiveCfg = Debug|Any CPU
		{0B762BEC-03A3-4ACD-AB86-92C970B26722}.Debug|Any CPU.Build.0 = Debug|Any CPU
		{0B762BEC-03A3-4ACD-AB86-92C970B26722}.Debug|x64.ActiveCfg = Debug|Any CPU
		{0B762BEC-03A3-4ACD-AB86-92C970B26722}.Debug|x64.Build.0 = Debug|Any CPU
		{0B762BEC-03A3-4ACD-AB86-92C970B26722}.Debug|x86.ActiveCfg = Debug|Any CPU
		{0B762BEC-03A3-4ACD-AB86-92C970B26722}.Debug|x86.Build.0 = Debug|Any CPU
		{0B762BEC-03A3-4ACD-AB86-92C970B26722}.Release|Any CPU.ActiveCfg = Release|Any CPU
		{0B762BEC-03A3-4ACD-AB86-92C970B26722}.Release|Any CPU.Build.0 = Release|Any CPU
		{0B762BEC-03A3-4ACD-AB86-92C970B26722}.Release|x64.ActiveCfg = Release|Any CPU
		{0B762BEC-03A3-4ACD-AB86-92C970B26722}.Release|x64.Build.0 = Release|Any CPU
		{0B762BEC-03A3-4ACD-AB86-92C970B26722}.Release|x86.ActiveCfg = Release|Any CPU
		{0B762BEC-03A3-4ACD-AB86-92C970B26722}.Release|x86.Build.0 = Release|Any CPU
		{C23FDED6-0D07-42C6-BA3A-F0E9B5C1D592}.Debug|Any CPU.ActiveCfg = Debug|x86
		{C23FDED6-0D07-42C6-BA3A-F0E9B5C1D592}.Debug|Any CPU.Build.0 = Debug|x86
		{C23FDED6-0D07-42C6-BA3A-F0E9B5C1D592}.Debug|x64.ActiveCfg = Debug|x64
		{C23FDED6-0D07-42C6-BA3A-F0E9B5C1D592}.Debug|x64.Build.0 = Debug|x64
		{C23FDED6-0D07-42C6-BA3A-F0E9B5C1D592}.Debug|x86.ActiveCfg = Debug|x86
		{C23FDED6-0D07-42C6-BA3A-F0E9B5C1D592}.Debug|x86.Build.0 = Debug|x86
		{C23FDED6-0D07-42C6-BA3A-F0E9B5C1D592}.Release|Any CPU.ActiveCfg = Release|Any CPU
		{C23FDED6-0D07-42C6-BA3A-F0E9B5C1D592}.Release|Any CPU.Build.0 = Release|Any CPU
		{C23FDED6-0D07-42C6-BA3A-F0E9B5C1D592}.Release|x64.ActiveCfg = Release|x64
		{C23FDED6-0D07-42C6-BA3A-F0E9B5C1D592}.Release|x64.Build.0 = Release|x64
		{C23FDED6-0D07-42C6-BA3A-F0E9B5C1D592}.Release|x86.ActiveCfg = Release|x86
		{C23FDED6-0D07-42C6-BA3A-F0E9B5C1D592}.Release|x86.Build.0 = Release|x86
	EndGlobalSection
	GlobalSection(SolutionProperties) = preSolution
		HideSolutionNode = FALSE
	EndGlobalSection
	GlobalSection(ExtensibilityGlobals) = postSolution
		SolutionGuid = {227D28AF-BA13-4772-8D1F-A02CFD029392}
	EndGlobalSection
EndGlobal
